
Microsoft Visual Studio Solution File, Format Version 12.00
Project("{2150E333-8FDC-42A3-9474-1A3956D46DE8}") = "Microservices", "Microservices", "{110667FA-0B97-4723-9CAC-451FCC7C7356}"
EndProject
Project("{2150E333-8FDC-42A3-9474-1A3956D46DE8}") = "APIGateway", "APIGateway", "{F52EB1CA-D5D0-4671-9FAC-060C204453DF}"
EndProject
Project("{2150E333-8FDC-42A3-9474-1A3956D46DE8}") = "DriversMicroservice", "DriversMicroservice", "{64A00A01-7DD4-45FC-BE72-E7CFBBA22FC5}"
EndProject
Project("{2150E333-8FDC-42A3-9474-1A3956D46DE8}") = "TeamsMicroservice", "TeamsMicroservice", "{CDBA82D0-5931-44A0-8DB9-219DBF81D28C}"
EndProject
Project("{FAE04EC0-301F-11D3-BF4B-00C04F79EFBC}") = "DriversWebAPI", "DriversWebAPI\DriversWebAPI.csproj", "{C2D5400E-FF7F-4504-87AE-FF32EDABFB80}"
EndProject
Project("{FAE04EC0-301F-11D3-BF4B-00C04F79EFBC}") = "TeamsWebAPI", "TeamsWebAPI\TeamsWebAPI.csproj", "{36504836-D7BC-4FC6-8395-63307C71DB29}"
EndProject
Project("{FAE04EC0-301F-11D3-BF4B-00C04F79EFBC}") = "ApiGateway", "ApiGateway\ApiGateway.csproj", "{72D82804-A911-4768-90B1-733F71E2D23B}"
EndProject
Global
	GlobalSection(SolutionConfigurationPlatforms) = preSolution
		Debug|Any CPU = Debug|Any CPU
		Release|Any CPU = Release|Any CPU
	EndGlobalSection
	GlobalSection(NestedProjects) = preSolution
		{64A00A01-7DD4-45FC-BE72-E7CFBBA22FC5} = {110667FA-0B97-4723-9CAC-451FCC7C7356}
		{CDBA82D0-5931-44A0-8DB9-219DBF81D28C} = {110667FA-0B97-4723-9CAC-451FCC7C7356}
		{C2D5400E-FF7F-4504-87AE-FF32EDABFB80} = {64A00A01-7DD4-45FC-BE72-E7CFBBA22FC5}
		{36504836-D7BC-4FC6-8395-63307C71DB29} = {CDBA82D0-5931-44A0-8DB9-219DBF81D28C}
		{72D82804-A911-4768-90B1-733F71E2D23B} = {F52EB1CA-D5D0-4671-9FAC-060C204453DF}
	EndGlobalSection
	GlobalSection(ProjectConfigurationPlatforms) = postSolution
		{C2D5400E-FF7F-4504-87AE-FF32EDABFB80}.Debug|Any CPU.ActiveCfg = Debug|Any CPU
		{C2D5400E-FF7F-4504-87AE-FF32EDABFB80}.Debug|Any CPU.Build.0 = Debug|Any CPU
		{C2D5400E-FF7F-4504-87AE-FF32EDABFB80}.Release|Any CPU.ActiveCfg = Release|Any CPU
		{C2D5400E-FF7F-4504-87AE-FF32EDABFB80}.Release|Any CPU.Build.0 = Release|Any CPU
		{36504836-D7BC-4FC6-8395-63307C71DB29}.Debug|Any CPU.ActiveCfg = Debug|Any CPU
		{36504836-D7BC-4FC6-8395-63307C71DB29}.Debug|Any CPU.Build.0 = Debug|Any CPU
		{36504836-D7BC-4FC6-8395-63307C71DB29}.Release|Any CPU.ActiveCfg = Release|Any CPU
		{36504836-D7BC-4FC6-8395-63307C71DB29}.Release|Any CPU.Build.0 = Release|Any CPU
		{72D82804-A911-4768-90B1-733F71E2D23B}.Debug|Any CPU.ActiveCfg = Debug|Any CPU
		{72D82804-A911-4768-90B1-733F71E2D23B}.Debug|Any CPU.Build.0 = Debug|Any CPU
		{72D82804-A911-4768-90B1-733F71E2D23B}.Release|Any CPU.ActiveCfg = Release|Any CPU
		{72D82804-A911-4768-90B1-733F71E2D23B}.Release|Any CPU.Build.0 = Release|Any CPU
	EndGlobalSection
EndGlobal
